Microsoft Visual Studio Solution File, Format Version 12.00
# Visual Studio Version 17
VisualStudioVersion = 17.5.2.0
MinimumVisualStudioVersion = 10.0.40219.1
Project("{FAE04EC0-301F-11D3-BF4B-00C04F79EFBC}") = "TaskbarDesktopSwitcher", "TaskbarDesktopSwitcher\TaskbarDesktopSwitcher.csproj", "{3F9736A8-ADC7-D7C6-540D-F79C4882DCCA}"
EndProject
Global
	GlobalSection(SolutionConfigurationPlatforms) = preSolution
		Debug|Any CPU = Debug|Any CPU
		Release|Any CPU = Release|Any CPU
	EndGlobalSection
	GlobalSection(ProjectConfigurationPlatforms) = postSolution
		{3F9736A8-ADC7-D7C6-540D-F79C4882DCCA}.Debug|Any CPU.ActiveCfg = Debug|Any CPU
		{3F9736A8-ADC7-D7C6-540D-F79C4882DCCA}.Debug|Any CPU.Build.0 = Debug|Any CPU
		{3F9736A8-ADC7-D7C6-540D-F79C4882DCCA}.Release|Any CPU.ActiveCfg = Release|Any CPU
		{3F9736A8-ADC7-D7C6-540D-F79C4882DCCA}.Release|Any CPU.Build.0 = Release|Any CPU
	EndGlobalSection
	GlobalSection(SolutionProperties) = preSolution
		HideSolutionNode = FALSE
	EndGlobalSection
	GlobalSection(ExtensibilityGlobals) = postSolution
		SolutionGuid = {9561A37A-DA0F-4260-927A-BCEC85ACE16A}
	EndGlobalSection
EndGlobal
